
Microsoft Visual Studio Solution File, Format Version 12.00
# Visual Studio 14
VisualStudioVersion = 14.0.25420.1
MinimumVisualStudioVersion = 10.0.40219.1
Project("{D954291E-2A0B-460D-934E-DC6B0785DB48}") = "Client.Library", "Client.Library\Client.Library.shproj", "{EC2CE947-F69E-41E7-B4B3-C31A49A48A5C}"
EndProject
Project("{FAE04EC0-301F-11D3-BF4B-00C04F79EFBC}") = "Client.UWP", "Client.UWP\Client.UWP.csproj", "{2399F8B2-9AA2-4977-A787-9CD287829C39}"
EndProject
Project("{2150E333-8FDC-42A3-9474-1A3956D46DE8}") = "Template10", "Template10", "{DDF52744-FCFC-4269-8A22-0F52110E4E84}"
EndProject
Project("{2150E333-8FDC-42A3-9474-1A3956D46DE8}") = "UWP Community Toolkit", "UWP Community Toolkit", "{D399D29E-1487-4FDA-968A-F36EAED6A690}"
EndProject
Project("{FAE04EC0-301F-11D3-BF4B-00C04F79EFBC}") = "Template10 (Library)", "Template10\Template10 (Library)\Template10 (Library).csproj", "{AC3E4F10-6615-4E16-BB0F-104760C92B95}"
EndProject
Project("{FAE04EC0-301F-11D3-BF4B-00C04F79EFBC}") = "Microsoft.Toolkit.Uwp.UI.Controls", "UWPCommunityToolkit\Microsoft.Toolkit.Uwp.UI.Controls\Microsoft.Toolkit.Uwp.UI.Controls.csproj", "{E9FAABFB-D726-42C1-83C1-CB46A29FEA81}"
EndProject
Project("{FAE04EC0-301F-11D3-BF4B-00C04F79EFBC}") = "Microsoft.Toolkit.Uwp", "UWPCommunityToolkit\Microsoft.Toolkit.Uwp\Microsoft.Toolkit.Uwp.csproj", "{805F80DF-75C6-4C2F-8FD9-B47F6D0DF5A3}"
EndProject
Project("{FAE04EC0-301F-11D3-BF4B-00C04F79EFBC}") = "Microsoft.Toolkit.Uwp.UI", "UWPCommunityToolkit\Microsoft.Toolkit.Uwp.UI\Microsoft.Toolkit.Uwp.UI.csproj", "{3DD8AA7C-3569-4E51-992F-0C2257E8878E}"
EndProject
Project("{FAE04EC0-301F-11D3-BF4B-00C04F79EFBC}") = "Microsoft.Toolkit.Uwp.UI.Animations", "UWPCommunityToolkit\Microsoft.Toolkit.Uwp.UI.Animations\Microsoft.Toolkit.Uwp.UI.Animations.csproj", "{B24A296C-B3EB-4E06-A64E-74AC2D1ACC91}"
EndProject
Project("{D954291E-2A0B-460D-934E-DC6B0785DB48}") = "Client.BootStrapper", "Client.BootStrapper\Client.BootStrapper.shproj", "{18C20DD0-0F04-4F39-A165-047DBFB92BAD}"
EndProject
Project("{D954291E-2A0B-460D-934E-DC6B0785DB48}") = "Client.T10BootStrapper", "Client.T10BootStrapper\Client.T10BootStrapper.shproj", "{431EE1E4-F889-4D93-9122-968552970BC7}"
Project("{2150E333-8FDC-42A3-9474-1A3956D46DE8}") = "Solution Items", "Solution Items", "{5ABC3299-180F-4B5C-A44C-ADE8C28A2A01}"
	ProjectSection(SolutionItems) = preProject
		.gitignore = .gitignore
	EndProjectSection
EndProject
Global
	GlobalSection(SharedMSBuildProjectFiles) = preSolution
		Client.BootStrapper\Client.BootStrapper.projitems*{18c20dd0-0f04-4f39-a165-047dbfb92bad}*SharedItemsImports = 13
		Client.BootStrapper\Client.BootStrapper.projitems*{2399f8b2-9aa2-4977-a787-9cd287829c39}*SharedItemsImports = 4
		Client.Library\Client.Library.projitems*{2399f8b2-9aa2-4977-a787-9cd287829c39}*SharedItemsImports = 4
		Client.T10BootStrapper\Client.T10BootStrapper.projitems*{431ee1e4-f889-4d93-9122-968552970bc7}*SharedItemsImports = 13
		Client.Library\Client.Library.projitems*{ec2ce947-f69e-41e7-b4b3-c31a49a48a5c}*SharedItemsImports = 13
	EndGlobalSection
	GlobalSection(SolutionConfigurationPlatforms) = preSolution
		Debug (Anniversary Update)|Any CPU = Debug (Anniversary Update)|Any CPU
		Debug (Anniversary Update)|ARM = Debug (Anniversary Update)|ARM
		Debug (Anniversary Update)|x64 = Debug (Anniversary Update)|x64
		Debug (Anniversary Update)|x86 = Debug (Anniversary Update)|x86
		Debug (Version 1511)|Any CPU = Debug (Version 1511)|Any CPU
		Debug (Version 1511)|ARM = Debug (Version 1511)|ARM
		Debug (Version 1511)|x64 = Debug (Version 1511)|x64
		Debug (Version 1511)|x86 = Debug (Version 1511)|x86
		Debug|Any CPU = Debug|Any CPU
		Debug|ARM = Debug|ARM
		Debug|x64 = Debug|x64
		Debug|x86 = Debug|x86
		Publish|Any CPU = Publish|Any CPU
		Publish|ARM = Publish|ARM
		Publish|x64 = Publish|x64
		Publish|x86 = Publish|x86
		Release (Anniversary Update)|Any CPU = Release (Anniversary Update)|Any CPU
		Release (Anniversary Update)|ARM = Release (Anniversary Update)|ARM
		Release (Anniversary Update)|x64 = Release (Anniversary Update)|x64
		Release (Anniversary Update)|x86 = Release (Anniversary Update)|x86
		Release (Version 1511)|Any CPU = Release (Version 1511)|Any CPU
		Release (Version 1511)|ARM = Release (Version 1511)|ARM
		Release (Version 1511)|x64 = Release (Version 1511)|x64
		Release (Version 1511)|x86 = Release (Version 1511)|x86
		Release|Any CPU = Release|Any CPU
		Release|ARM = Release|ARM
		Release|x64 = Release|x64
		Release|x86 = Release|x86
	EndGlobalSection
	GlobalSection(ProjectConfigurationPlatforms) = postSolution
		{2399F8B2-9AA2-4977-A787-9CD287829C39}.Debug (Anniversary Update)|Any CPU.ActiveCfg = Release|x86
		{2399F8B2-9AA2-4977-A787-9CD287829C39}.Debug (Anniversary Update)|Any CPU.Build.0 = Release|x86
		{2399F8B2-9AA2-4977-A787-9CD287829C39}.Debug (Anniversary Update)|Any CPU.Deploy.0 = Release|x86
		{2399F8B2-9AA2-4977-A787-9CD287829C39}.Debug (Anniversary Update)|ARM.ActiveCfg = Debug|ARM
		{2399F8B2-9AA2-4977-A787-9CD287829C39}.Debug (Anniversary Update)|ARM.Build.0 = Debug|ARM
		{2399F8B2-9AA2-4977-A787-9CD287829C39}.Debug (Anniversary Update)|ARM.Deploy.0 = Debug|ARM
		{2399F8B2-9AA2-4977-A787-9CD287829C39}.Debug (Anniversary Update)|x64.ActiveCfg = Debug|x64
		{2399F8B2-9AA2-4977-A787-9CD287829C39}.Debug (Anniversary Update)|x64.Build.0 = Debug|x64
		{2399F8B2-9AA2-4977-A787-9CD287829C39}.Debug (Anniversary Update)|x64.Deploy.0 = Debug|x64
		{2399F8B2-9AA2-4977-A787-9CD287829C39}.Debug (Anniversary Update)|x86.ActiveCfg = Debug|x86
		{2399F8B2-9AA2-4977-A787-9CD287829C39}.Debug (Anniversary Update)|x86.Build.0 = Debug|x86
		{2399F8B2-9AA2-4977-A787-9CD287829C39}.Debug (Anniversary Update)|x86.Deploy.0 = Debug|x86
		{2399F8B2-9AA2-4977-A787-9CD287829C39}.Debug (Version 1511)|Any CPU.ActiveCfg = Release|x86
		{2399F8B2-9AA2-4977-A787-9CD287829C39}.Debug (Version 1511)|Any CPU.Build.0 = Release|x86
		{2399F8B2-9AA2-4977-A787-9CD287829C39}.Debug (Version 1511)|Any CPU.Deploy.0 = Release|x86
		{2399F8B2-9AA2-4977-A787-9CD287829C39}.Debug (Version 1511)|ARM.ActiveCfg = Debug|ARM
		{2399F8B2-9AA2-4977-A787-9CD287829C39}.Debug (Version 1511)|ARM.Build.0 = Debug|ARM
		{2399F8B2-9AA2-4977-A787-9CD287829C39}.Debug (Version 1511)|ARM.Deploy.0 = Debug|ARM
		{2399F8B2-9AA2-4977-A787-9CD287829C39}.Debug (Version 1511)|x64.ActiveCfg = Debug|x64
		{2399F8B2-9AA2-4977-A787-9CD287829C39}.Debug (Version 1511)|x64.Build.0 = Debug|x64
		{2399F8B2-9AA2-4977-A787-9CD287829C39}.Debug (Version 1511)|x64.Deploy.0 = Debug|x64
		{2399F8B2-9AA2-4977-A787-9CD287829C39}.Debug (Version 1511)|x86.ActiveCfg = Debug|x86
		{2399F8B2-9AA2-4977-A787-9CD287829C39}.Debug (Version 1511)|x86.Build.0 = Debug|x86
		{2399F8B2-9AA2-4977-A787-9CD287829C39}.Debug (Version 1511)|x86.Deploy.0 = Debug|x86
		{2399F8B2-9AA2-4977-A787-9CD287829C39}.Debug|Any CPU.ActiveCfg = Debug|x86
		{2399F8B2-9AA2-4977-A787-9CD287829C39}.Debug|ARM.ActiveCfg = Debug|ARM
		{2399F8B2-9AA2-4977-A787-9CD287829C39}.Debug|ARM.Build.0 = Debug|ARM
		{2399F8B2-9AA2-4977-A787-9CD287829C39}.Debug|ARM.Deploy.0 = Debug|ARM
		{2399F8B2-9AA2-4977-A787-9CD287829C39}.Debug|x64.ActiveCfg = Debug|x64
		{2399F8B2-9AA2-4977-A787-9CD287829C39}.Debug|x64.Build.0 = Debug|x64
		{2399F8B2-9AA2-4977-A787-9CD287829C39}.Debug|x64.Deploy.0 = Debug|x64
		{2399F8B2-9AA2-4977-A787-9CD287829C39}.Debug|x86.ActiveCfg = Debug|x86
		{2399F8B2-9AA2-4977-A787-9CD287829C39}.Debug|x86.Build.0 = Debug|x86
		{2399F8B2-9AA2-4977-A787-9CD287829C39}.Debug|x86.Deploy.0 = Debug|x86
		{2399F8B2-9AA2-4977-A787-9CD287829C39}.Publish|Any CPU.ActiveCfg = Release|x86
		{2399F8B2-9AA2-4977-A787-9CD287829C39}.Publish|Any CPU.Build.0 = Release|x86
		{2399F8B2-9AA2-4977-A787-9CD287829C39}.Publish|Any CPU.Deploy.0 = Release|x86
		{2399F8B2-9AA2-4977-A787-9CD287829C39}.Publish|ARM.ActiveCfg = Release|ARM
		{2399F8B2-9AA2-4977-A787-9CD287829C39}.Publish|ARM.Build.0 = Release|ARM
		{2399F8B2-9AA2-4977-A787-9CD287829C39}.Publish|ARM.Deploy.0 = Release|ARM
		{2399F8B2-9AA2-4977-A787-9CD287829C39}.Publish|x64.ActiveCfg = Release|x64
		{2399F8B2-9AA2-4977-A787-9CD287829C39}.Publish|x64.Build.0 = Release|x64
		{2399F8B2-9AA2-4977-A787-9CD287829C39}.Publish|x64.Deploy.0 = Release|x64
		{2399F8B2-9AA2-4977-A787-9CD287829C39}.Publish|x86.ActiveCfg = Release|x86
		{2399F8B2-9AA2-4977-A787-9CD287829C39}.Publish|x86.Build.0 = Release|x86
		{2399F8B2-9AA2-4977-A787-9CD287829C39}.Publish|x86.Deploy.0 = Release|x86
		{2399F8B2-9AA2-4977-A787-9CD287829C39}.Release (Anniversary Update)|Any CPU.ActiveCfg = Release|x86
		{2399F8B2-9AA2-4977-A787-9CD287829C39}.Release (Anniversary Update)|Any CPU.Build.0 = Release|x86
		{2399F8B2-9AA2-4977-A787-9CD287829C39}.Release (Anniversary Update)|Any CPU.Deploy.0 = Release|x86
		{2399F8B2-9AA2-4977-A787-9CD287829C39}.Release (Anniversary Update)|ARM.ActiveCfg = Release|ARM
		{2399F8B2-9AA2-4977-A787-9CD287829C39}.Release (Anniversary Update)|ARM.Build.0 = Release|ARM
		{2399F8B2-9AA2-4977-A787-9CD287829C39}.Release (Anniversary Update)|ARM.Deploy.0 = Release|ARM
		{2399F8B2-9AA2-4977-A787-9CD287829C39}.Release (Anniversary Update)|x64.ActiveCfg = Release|x64
		{2399F8B2-9AA2-4977-A787-9CD287829C39}.Release (Anniversary Update)|x64.Build.0 = Release|x64
		{2399F8B2-9AA2-4977-A787-9CD287829C39}.Release (Anniversary Update)|x64.Deploy.0 = Release|x64
		{2399F8B2-9AA2-4977-A787-9CD287829C39}.Release (Anniversary Update)|x86.ActiveCfg = Release|x86
		{2399F8B2-9AA2-4977-A787-9CD287829C39}.Release (Anniversary Update)|x86.Build.0 = Release|x86
		{2399F8B2-9AA2-4977-A787-9CD287829C39}.Release (Anniversary Update)|x86.Deploy.0 = Release|x86
		{2399F8B2-9AA2-4977-A787-9CD287829C39}.Release (Version 1511)|Any CPU.ActiveCfg = Release|x86
		{2399F8B2-9AA2-4977-A787-9CD287829C39}.Release (Version 1511)|Any CPU.Build.0 = Release|x86
		{2399F8B2-9AA2-4977-A787-9CD287829C39}.Release (Version 1511)|Any CPU.Deploy.0 = Release|x86
		{2399F8B2-9AA2-4977-A787-9CD287829C39}.Release (Version 1511)|ARM.ActiveCfg = Release|ARM
		{2399F8B2-9AA2-4977-A787-9CD287829C39}.Release (Version 1511)|ARM.Build.0 = Release|ARM
		{2399F8B2-9AA2-4977-A787-9CD287829C39}.Release (Version 1511)|ARM.Deploy.0 = Release|ARM
		{2399F8B2-9AA2-4977-A787-9CD287829C39}.Release (Version 1511)|x64.ActiveCfg = Release|x64
		{2399F8B2-9AA2-4977-A787-9CD287829C39}.Release (Version 1511)|x64.Build.0 = Release|x64
		{2399F8B2-9AA2-4977-A787-9CD287829C39}.Release (Version 1511)|x64.Deploy.0 = Release|x64
		{2399F8B2-9AA2-4977-A787-9CD287829C39}.Release (Version 1511)|x86.ActiveCfg = Release|x86
		{2399F8B2-9AA2-4977-A787-9CD287829C39}.Release (Version 1511)|x86.Build.0 = Release|x86
		{2399F8B2-9AA2-4977-A787-9CD287829C39}.Release (Version 1511)|x86.Deploy.0 = Release|x86
		{2399F8B2-9AA2-4977-A787-9CD287829C39}.Release|Any CPU.ActiveCfg = Release|x86
		{2399F8B2-9AA2-4977-A787-9CD287829C39}.Release|ARM.ActiveCfg = Release|ARM
		{2399F8B2-9AA2-4977-A787-9CD287829C39}.Release|ARM.Build.0 = Release|ARM
		{2399F8B2-9AA2-4977-A787-9CD287829C39}.Release|ARM.Deploy.0 = Release|ARM
		{2399F8B2-9AA2-4977-A787-9CD287829C39}.Release|x64.ActiveCfg = Release|x64
		{2399F8B2-9AA2-4977-A787-9CD287829C39}.Release|x64.Build.0 = Release|x64
		{2399F8B2-9AA2-4977-A787-9CD287829C39}.Release|x64.Deploy.0 = Release|x64
		{2399F8B2-9AA2-4977-A787-9CD287829C39}.Release|x86.ActiveCfg = Release|x86
		{2399F8B2-9AA2-4977-A787-9CD287829C39}.Release|x86.Build.0 = Release|x86
		{2399F8B2-9AA2-4977-A787-9CD287829C39}.Release|x86.Deploy.0 = Release|x86
		{AC3E4F10-6615-4E16-BB0F-104760C92B95}.Debug (Anniversary Update)|Any CPU.ActiveCfg = Debug|Any CPU
		{AC3E4F10-6615-4E16-BB0F-104760C92B95}.Debug (Anniversary Update)|Any CPU.Build.0 = Debug|Any CPU
		{AC3E4F10-6615-4E16-BB0F-104760C92B95}.Debug (Anniversary Update)|ARM.ActiveCfg = Debug|ARM
		{AC3E4F10-6615-4E16-BB0F-104760C92B95}.Debug (Anniversary Update)|ARM.Build.0 = Debug|ARM
		{AC3E4F10-6615-4E16-BB0F-104760C92B95}.Debug (Anniversary Update)|x64.ActiveCfg = Debug|x64
		{AC3E4F10-6615-4E16-BB0F-104760C92B95}.Debug (Anniversary Update)|x64.Build.0 = Debug|x64
		{AC3E4F10-6615-4E16-BB0F-104760C92B95}.Debug (Anniversary Update)|x86.ActiveCfg = Debug|x86
		{AC3E4F10-6615-4E16-BB0F-104760C92B95}.Debug (Anniversary Update)|x86.Build.0 = Debug|x86
		{AC3E4F10-6615-4E16-BB0F-104760C92B95}.Debug (Version 1511)|Any CPU.ActiveCfg = Debug|Any CPU
		{AC3E4F10-6615-4E16-BB0F-104760C92B95}.Debug (Version 1511)|Any CPU.Build.0 = Debug|Any CPU
		{AC3E4F10-6615-4E16-BB0F-104760C92B95}.Debug (Version 1511)|ARM.ActiveCfg = Debug|ARM
		{AC3E4F10-6615-4E16-BB0F-104760C92B95}.Debug (Version 1511)|ARM.Build.0 = Debug|ARM
		{AC3E4F10-6615-4E16-BB0F-104760C92B95}.Debug (Version 1511)|x64.ActiveCfg = Debug|x64
		{AC3E4F10-6615-4E16-BB0F-104760C92B95}.Debug (Version 1511)|x64.Build.0 = Debug|x64
		{AC3E4F10-6615-4E16-BB0F-104760C92B95}.Debug (Version 1511)|x86.ActiveCfg = Debug|x86
		{AC3E4F10-6615-4E16-BB0F-104760C92B95}.Debug (Version 1511)|x86.Build.0 = Debug|x86
		{AC3E4F10-6615-4E16-BB0F-104760C92B95}.Debug|Any CPU.ActiveCfg = Debug|Any CPU
		{AC3E4F10-6615-4E16-BB0F-104760C92B95}.Debug|Any CPU.Build.0 = Debug|Any CPU
		{AC3E4F10-6615-4E16-BB0F-104760C92B95}.Debug|ARM.ActiveCfg = Debug|ARM
		{AC3E4F10-6615-4E16-BB0F-104760C92B95}.Debug|ARM.Build.0 = Debug|ARM
		{AC3E4F10-6615-4E16-BB0F-104760C92B95}.Debug|x64.ActiveCfg = Debug|x64
		{AC3E4F10-6615-4E16-BB0F-104760C92B95}.Debug|x64.Build.0 = Debug|x64
		{AC3E4F10-6615-4E16-BB0F-104760C92B95}.Debug|x86.ActiveCfg = Debug|x86
		{AC3E4F10-6615-4E16-BB0F-104760C92B95}.Debug|x86.Build.0 = Debug|x86
		{AC3E4F10-6615-4E16-BB0F-104760C92B95}.Publish|Any CPU.ActiveCfg = Release|Any CPU
		{AC3E4F10-6615-4E16-BB0F-104760C92B95}.Publish|Any CPU.Build.0 = Release|Any CPU
		{AC3E4F10-6615-4E16-BB0F-104760C92B95}.Publish|ARM.ActiveCfg = Release|ARM
		{AC3E4F10-6615-4E16-BB0F-104760C92B95}.Publish|ARM.Build.0 = Release|ARM
		{AC3E4F10-6615-4E16-BB0F-104760C92B95}.Publish|x64.ActiveCfg = Release|x64
		{AC3E4F10-6615-4E16-BB0F-104760C92B95}.Publish|x64.Build.0 = Release|x64
		{AC3E4F10-6615-4E16-BB0F-104760C92B95}.Publish|x86.ActiveCfg = Release|x86
		{AC3E4F10-6615-4E16-BB0F-104760C92B95}.Publish|x86.Build.0 = Release|x86
		{AC3E4F10-6615-4E16-BB0F-104760C92B95}.Release (Anniversary Update)|Any CPU.ActiveCfg = Release|Any CPU
		{AC3E4F10-6615-4E16-BB0F-104760C92B95}.Release (Anniversary Update)|Any CPU.Build.0 = Release|Any CPU
		{AC3E4F10-6615-4E16-BB0F-104760C92B95}.Release (Anniversary Update)|ARM.ActiveCfg = Release|ARM
		{AC3E4F10-6615-4E16-BB0F-104760C92B95}.Release (Anniversary Update)|ARM.Build.0 = Release|ARM
		{AC3E4F10-6615-4E16-BB0F-104760C92B95}.Release (Anniversary Update)|x64.ActiveCfg = Release|x64
		{AC3E4F10-6615-4E16-BB0F-104760C92B95}.Release (Anniversary Update)|x64.Build.0 = Release|x64
		{AC3E4F10-6615-4E16-BB0F-104760C92B95}.Release (Anniversary Update)|x86.ActiveCfg = Release|x86
		{AC3E4F10-6615-4E16-BB0F-104760C92B95}.Release (Anniversary Update)|x86.Build.0 = Release|x86
		{AC3E4F10-6615-4E16-BB0F-104760C92B95}.Release (Version 1511)|Any CPU.ActiveCfg = Release|Any CPU
		{AC3E4F10-6615-4E16-BB0F-104760C92B95}.Release (Version 1511)|Any CPU.Build.0 = Release|Any CPU
		{AC3E4F10-6615-4E16-BB0F-104760C92B95}.Release (Version 1511)|ARM.ActiveCfg = Release|ARM
		{AC3E4F10-6615-4E16-BB0F-104760C92B95}.Release (Version 1511)|ARM.Build.0 = Release|ARM
		{AC3E4F10-6615-4E16-BB0F-104760C92B95}.Release (Version 1511)|x64.ActiveCfg = Release|x64
		{AC3E4F10-6615-4E16-BB0F-104760C92B95}.Release (Version 1511)|x64.Build.0 = Release|x64
		{AC3E4F10-6615-4E16-BB0F-104760C92B95}.Release (Version 1511)|x86.ActiveCfg = Release|x86
		{AC3E4F10-6615-4E16-BB0F-104760C92B95}.Release (Version 1511)|x86.Build.0 = Release|x86
		{AC3E4F10-6615-4E16-BB0F-104760C92B95}.Release|Any CPU.ActiveCfg = Release|Any CPU
		{AC3E4F10-6615-4E16-BB0F-104760C92B95}.Release|Any CPU.Build.0 = Release|Any CPU
		{AC3E4F10-6615-4E16-BB0F-104760C92B95}.Release|ARM.ActiveCfg = Release|ARM
		{AC3E4F10-6615-4E16-BB0F-104760C92B95}.Release|ARM.Build.0 = Release|ARM
		{AC3E4F10-6615-4E16-BB0F-104760C92B95}.Release|x64.ActiveCfg = Release|x64
		{AC3E4F10-6615-4E16-BB0F-104760C92B95}.Release|x64.Build.0 = Release|x64
		{AC3E4F10-6615-4E16-BB0F-104760C92B95}.Release|x86.ActiveCfg = Release|x86
		{AC3E4F10-6615-4E16-BB0F-104760C92B95}.Release|x86.Build.0 = Release|x86
		{E9FAABFB-D726-42C1-83C1-CB46A29FEA81}.Debug (Anniversary Update)|Any CPU.ActiveCfg = Debug (Anniversary Update)|Any CPU
		{E9FAABFB-D726-42C1-83C1-CB46A29FEA81}.Debug (Anniversary Update)|Any CPU.Build.0 = Debug (Anniversary Update)|Any CPU
		{E9FAABFB-D726-42C1-83C1-CB46A29FEA81}.Debug (Anniversary Update)|ARM.ActiveCfg = Debug (Anniversary Update)|Any CPU
		{E9FAABFB-D726-42C1-83C1-CB46A29FEA81}.Debug (Anniversary Update)|ARM.Build.0 = Debug (Anniversary Update)|Any CPU
		{E9FAABFB-D726-42C1-83C1-CB46A29FEA81}.Debug (Anniversary Update)|x64.ActiveCfg = Debug (Anniversary Update)|Any CPU
		{E9FAABFB-D726-42C1-83C1-CB46A29FEA81}.Debug (Anniversary Update)|x64.Build.0 = Debug (Anniversary Update)|Any CPU
		{E9FAABFB-D726-42C1-83C1-CB46A29FEA81}.Debug (Anniversary Update)|x86.ActiveCfg = Debug (Anniversary Update)|Any CPU
		{E9FAABFB-D726-42C1-83C1-CB46A29FEA81}.Debug (Anniversary Update)|x86.Build.0 = Debug (Anniversary Update)|Any CPU
		{E9FAABFB-D726-42C1-83C1-CB46A29FEA81}.Debug (Version 1511)|Any CPU.ActiveCfg = Debug (Version 1511)|Any CPU
		{E9FAABFB-D726-42C1-83C1-CB46A29FEA81}.Debug (Version 1511)|Any CPU.Build.0 = Debug (Version 1511)|Any CPU
		{E9FAABFB-D726-42C1-83C1-CB46A29FEA81}.Debug (Version 1511)|ARM.ActiveCfg = Debug (Version 1511)|Any CPU
		{E9FAABFB-D726-42C1-83C1-CB46A29FEA81}.Debug (Version 1511)|ARM.Build.0 = Debug (Version 1511)|Any CPU
		{E9FAABFB-D726-42C1-83C1-CB46A29FEA81}.Debug (Version 1511)|x64.ActiveCfg = Debug (Version 1511)|Any CPU
		{E9FAABFB-D726-42C1-83C1-CB46A29FEA81}.Debug (Version 1511)|x64.Build.0 = Debug (Version 1511)|Any CPU
		{E9FAABFB-D726-42C1-83C1-CB46A29FEA81}.Debug (Version 1511)|x86.ActiveCfg = Debug (Version 1511)|Any CPU
		{E9FAABFB-D726-42C1-83C1-CB46A29FEA81}.Debug (Version 1511)|x86.Build.0 = Debug (Version 1511)|Any CPU
		{E9FAABFB-D726-42C1-83C1-CB46A29FEA81}.Debug|Any CPU.ActiveCfg = Debug|Any CPU
		{E9FAABFB-D726-42C1-83C1-CB46A29FEA81}.Debug|Any CPU.Build.0 = Debug|Any CPU
		{E9FAABFB-D726-42C1-83C1-CB46A29FEA81}.Debug|ARM.ActiveCfg = Debug|Any CPU
		{E9FAABFB-D726-42C1-83C1-CB46A29FEA81}.Debug|ARM.Build.0 = Debug|Any CPU
		{E9FAABFB-D726-42C1-83C1-CB46A29FEA81}.Debug|x64.ActiveCfg = Debug|Any CPU
		{E9FAABFB-D726-42C1-83C1-CB46A29FEA81}.Debug|x64.Build.0 = Debug|Any CPU
		{E9FAABFB-D726-42C1-83C1-CB46A29FEA81}.Debug|x86.ActiveCfg = Debug|Any CPU
		{E9FAABFB-D726-42C1-83C1-CB46A29FEA81}.Debug|x86.Build.0 = Debug|Any CPU
		{E9FAABFB-D726-42C1-83C1-CB46A29FEA81}.Publish|Any CPU.ActiveCfg = Publish|Any CPU
		{E9FAABFB-D726-42C1-83C1-CB46A29FEA81}.Publish|Any CPU.Build.0 = Publish|Any CPU
		{E9FAABFB-D726-42C1-83C1-CB46A29FEA81}.Publish|ARM.ActiveCfg = Publish|Any CPU
		{E9FAABFB-D726-42C1-83C1-CB46A29FEA81}.Publish|ARM.Build.0 = Publish|Any CPU
		{E9FAABFB-D726-42C1-83C1-CB46A29FEA81}.Publish|x64.ActiveCfg = Publish|Any CPU
		{E9FAABFB-D726-42C1-83C1-CB46A29FEA81}.Publish|x64.Build.0 = Publish|Any CPU
		{E9FAABFB-D726-42C1-83C1-CB46A29FEA81}.Publish|x86.ActiveCfg = Publish|Any CPU
		{E9FAABFB-D726-42C1-83C1-CB46A29FEA81}.Publish|x86.Build.0 = Publish|Any CPU
		{E9FAABFB-D726-42C1-83C1-CB46A29FEA81}.Release (Anniversary Update)|Any CPU.ActiveCfg = Release (Anniversary Update)|Any CPU
		{E9FAABFB-D726-42C1-83C1-CB46A29FEA81}.Release (Anniversary Update)|Any CPU.Build.0 = Release (Anniversary Update)|Any CPU
		{E9FAABFB-D726-42C1-83C1-CB46A29FEA81}.Release (Anniversary Update)|ARM.ActiveCfg = Release (Anniversary Update)|Any CPU
		{E9FAABFB-D726-42C1-83C1-CB46A29FEA81}.Release (Anniversary Update)|ARM.Build.0 = Release (Anniversary Update)|Any CPU
		{E9FAABFB-D726-42C1-83C1-CB46A29FEA81}.Release (Anniversary Update)|x64.ActiveCfg = Release (Anniversary Update)|Any CPU
		{E9FAABFB-D726-42C1-83C1-CB46A29FEA81}.Release (Anniversary Update)|x64.Build.0 = Release (Anniversary Update)|Any CPU
		{E9FAABFB-D726-42C1-83C1-CB46A29FEA81}.Release (Anniversary Update)|x86.ActiveCfg = Release (Anniversary Update)|Any CPU
		{E9FAABFB-D726-42C1-83C1-CB46A29FEA81}.Release (Anniversary Update)|x86.Build.0 = Release (Anniversary Update)|Any CPU
		{E9FAABFB-D726-42C1-83C1-CB46A29FEA81}.Release (Version 1511)|Any CPU.ActiveCfg = Release (Version 1511)|Any CPU
		{E9FAABFB-D726-42C1-83C1-CB46A29FEA81}.Release (Version 1511)|Any CPU.Build.0 = Release (Version 1511)|Any CPU
		{E9FAABFB-D726-42C1-83C1-CB46A29FEA81}.Release (Version 1511)|ARM.ActiveCfg = Release (Version 1511)|Any CPU
		{E9FAABFB-D726-42C1-83C1-CB46A29FEA81}.Release (Version 1511)|ARM.Build.0 = Release (Version 1511)|Any CPU
		{E9FAABFB-D726-42C1-83C1-CB46A29FEA81}.Release (Version 1511)|x64.ActiveCfg = Release (Version 1511)|Any CPU
		{E9FAABFB-D726-42C1-83C1-CB46A29FEA81}.Release (Version 1511)|x64.Build.0 = Release (Version 1511)|Any CPU
		{E9FAABFB-D726-42C1-83C1-CB46A29FEA81}.Release (Version 1511)|x86.ActiveCfg = Release (Version 1511)|Any CPU
		{E9FAABFB-D726-42C1-83C1-CB46A29FEA81}.Release (Version 1511)|x86.Build.0 = Release (Version 1511)|Any CPU
		{E9FAABFB-D726-42C1-83C1-CB46A29FEA81}.Release|Any CPU.ActiveCfg = Release|Any CPU
		{E9FAABFB-D726-42C1-83C1-CB46A29FEA81}.Release|Any CPU.Build.0 = Release|Any CPU
		{E9FAABFB-D726-42C1-83C1-CB46A29FEA81}.Release|ARM.ActiveCfg = Release|Any CPU
		{E9FAABFB-D726-42C1-83C1-CB46A29FEA81}.Release|ARM.Build.0 = Release|Any CPU
		{E9FAABFB-D726-42C1-83C1-CB46A29FEA81}.Release|x64.ActiveCfg = Release|Any CPU
		{E9FAABFB-D726-42C1-83C1-CB46A29FEA81}.Release|x64.Build.0 = Release|Any CPU
		{E9FAABFB-D726-42C1-83C1-CB46A29FEA81}.Release|x86.ActiveCfg = Release|Any CPU
		{E9FAABFB-D726-42C1-83C1-CB46A29FEA81}.Release|x86.Build.0 = Release|Any CPU
		{805F80DF-75C6-4C2F-8FD9-B47F6D0DF5A3}.Debug (Anniversary Update)|Any CPU.ActiveCfg = Debug (Anniversary Update)|Any CPU
		{805F80DF-75C6-4C2F-8FD9-B47F6D0DF5A3}.Debug (Anniversary Update)|Any CPU.Build.0 = Debug (Anniversary Update)|Any CPU
		{805F80DF-75C6-4C2F-8FD9-B47F6D0DF5A3}.Debug (Anniversary Update)|ARM.ActiveCfg = Debug (Anniversary Update)|Any CPU
		{805F80DF-75C6-4C2F-8FD9-B47F6D0DF5A3}.Debug (Anniversary Update)|ARM.Build.0 = Debug (Anniversary Update)|Any CPU
		{805F80DF-75C6-4C2F-8FD9-B47F6D0DF5A3}.Debug (Anniversary Update)|x64.ActiveCfg = Debug (Anniversary Update)|Any CPU
		{805F80DF-75C6-4C2F-8FD9-B47F6D0DF5A3}.Debug (Anniversary Update)|x64.Build.0 = Debug (Anniversary Update)|Any CPU
		{805F80DF-75C6-4C2F-8FD9-B47F6D0DF5A3}.Debug (Anniversary Update)|x86.ActiveCfg = Debug (Anniversary Update)|Any CPU
		{805F80DF-75C6-4C2F-8FD9-B47F6D0DF5A3}.Debug (Anniversary Update)|x86.Build.0 = Debug (Anniversary Update)|Any CPU
		{805F80DF-75C6-4C2F-8FD9-B47F6D0DF5A3}.Debug (Version 1511)|Any CPU.ActiveCfg = Debug (Version 1511)|Any CPU
		{805F80DF-75C6-4C2F-8FD9-B47F6D0DF5A3}.Debug (Version 1511)|Any CPU.Build.0 = Debug (Version 1511)|Any CPU
		{805F80DF-75C6-4C2F-8FD9-B47F6D0DF5A3}.Debug (Version 1511)|ARM.ActiveCfg = Debug (Version 1511)|Any CPU
		{805F80DF-75C6-4C2F-8FD9-B47F6D0DF5A3}.Debug (Version 1511)|ARM.Build.0 = Debug (Version 1511)|Any CPU
		{805F80DF-75C6-4C2F-8FD9-B47F6D0DF5A3}.Debug (Version 1511)|x64.ActiveCfg = Debug (Version 1511)|Any CPU
		{805F80DF-75C6-4C2F-8FD9-B47F6D0DF5A3}.Debug (Version 1511)|x64.Build.0 = Debug (Version 1511)|Any CPU
		{805F80DF-75C6-4C2F-8FD9-B47F6D0DF5A3}.Debug (Version 1511)|x86.ActiveCfg = Debug (Version 1511)|Any CPU
		{805F80DF-75C6-4C2F-8FD9-B47F6D0DF5A3}.Debug (Version 1511)|x86.Build.0 = Debug (Version 1511)|Any CPU
		{805F80DF-75C6-4C2F-8FD9-B47F6D0DF5A3}.Debug|Any CPU.ActiveCfg = Debug|Any CPU
		{805F80DF-75C6-4C2F-8FD9-B47F6D0DF5A3}.Debug|Any CPU.Build.0 = Debug|Any CPU
		{805F80DF-75C6-4C2F-8FD9-B47F6D0DF5A3}.Debug|ARM.ActiveCfg = Debug|Any CPU
		{805F80DF-75C6-4C2F-8FD9-B47F6D0DF5A3}.Debug|ARM.Build.0 = Debug|Any CPU
		{805F80DF-75C6-4C2F-8FD9-B47F6D0DF5A3}.Debug|x64.ActiveCfg = Debug|Any CPU
		{805F80DF-75C6-4C2F-8FD9-B47F6D0DF5A3}.Debug|x64.Build.0 = Debug|Any CPU
		{805F80DF-75C6-4C2F-8FD9-B47F6D0DF5A3}.Debug|x86.ActiveCfg = Debug|Any CPU
		{805F80DF-75C6-4C2F-8FD9-B47F6D0DF5A3}.Debug|x86.Build.0 = Debug|Any CPU
		{805F80DF-75C6-4C2F-8FD9-B47F6D0DF5A3}.Publish|Any CPU.ActiveCfg = Publish|Any CPU
		{805F80DF-75C6-4C2F-8FD9-B47F6D0DF5A3}.Publish|Any CPU.Build.0 = Publish|Any CPU
		{805F80DF-75C6-4C2F-8FD9-B47F6D0DF5A3}.Publish|ARM.ActiveCfg = Publish|Any CPU
		{805F80DF-75C6-4C2F-8FD9-B47F6D0DF5A3}.Publish|ARM.Build.0 = Publish|Any CPU
		{805F80DF-75C6-4C2F-8FD9-B47F6D0DF5A3}.Publish|x64.ActiveCfg = Publish|Any CPU
		{805F80DF-75C6-4C2F-8FD9-B47F6D0DF5A3}.Publish|x64.Build.0 = Publish|Any CPU
		{805F80DF-75C6-4C2F-8FD9-B47F6D0DF5A3}.Publish|x86.ActiveCfg = Publish|Any CPU
		{805F80DF-75C6-4C2F-8FD9-B47F6D0DF5A3}.Publish|x86.Build.0 = Publish|Any CPU
		{805F80DF-75C6-4C2F-8FD9-B47F6D0DF5A3}.Release (Anniversary Update)|Any CPU.ActiveCfg = Release (Anniversary Update)|Any CPU
		{805F80DF-75C6-4C2F-8FD9-B47F6D0DF5A3}.Release (Anniversary Update)|Any CPU.Build.0 = Release (Anniversary Update)|Any CPU
		{805F80DF-75C6-4C2F-8FD9-B47F6D0DF5A3}.Release (Anniversary Update)|ARM.ActiveCfg = Release (Anniversary Update)|Any CPU
		{805F80DF-75C6-4C2F-8FD9-B47F6D0DF5A3}.Release (Anniversary Update)|ARM.Build.0 = Release (Anniversary Update)|Any CPU
		{805F80DF-75C6-4C2F-8FD9-B47F6D0DF5A3}.Release (Anniversary Update)|x64.ActiveCfg = Release (Anniversary Update)|Any CPU
		{805F80DF-75C6-4C2F-8FD9-B47F6D0DF5A3}.Release (Anniversary Update)|x64.Build.0 = Release (Anniversary Update)|Any CPU
		{805F80DF-75C6-4C2F-8FD9-B47F6D0DF5A3}.Release (Anniversary Update)|x86.ActiveCfg = Release (Anniversary Update)|Any CPU
		{805F80DF-75C6-4C2F-8FD9-B47F6D0DF5A3}.Release (Anniversary Update)|x86.Build.0 = Release (Anniversary Update)|Any CPU
		{805F80DF-75C6-4C2F-8FD9-B47F6D0DF5A3}.Release (Version 1511)|Any CPU.ActiveCfg = Release (Version 1511)|Any CPU
		{805F80DF-75C6-4C2F-8FD9-B47F6D0DF5A3}.Release (Version 1511)|Any CPU.Build.0 = Release (Version 1511)|Any CPU
		{805F80DF-75C6-4C2F-8FD9-B47F6D0DF5A3}.Release (Version 1511)|ARM.ActiveCfg = Release (Version 1511)|Any CPU
		{805F80DF-75C6-4C2F-8FD9-B47F6D0DF5A3}.Release (Version 1511)|ARM.Build.0 = Release (Version 1511)|Any CPU
		{805F80DF-75C6-4C2F-8FD9-B47F6D0DF5A3}.Release (Version 1511)|x64.ActiveCfg = Release (Version 1511)|Any CPU
		{805F80DF-75C6-4C2F-8FD9-B47F6D0DF5A3}.Release (Version 1511)|x64.Build.0 = Release (Version 1511)|Any CPU
		{805F80DF-75C6-4C2F-8FD9-B47F6D0DF5A3}.Release (Version 1511)|x86.ActiveCfg = Release (Version 1511)|Any CPU
		{805F80DF-75C6-4C2F-8FD9-B47F6D0DF5A3}.Release (Version 1511)|x86.Build.0 = Release (Version 1511)|Any CPU
		{805F80DF-75C6-4C2F-8FD9-B47F6D0DF5A3}.Release|Any CPU.ActiveCfg = Release|Any CPU
		{805F80DF-75C6-4C2F-8FD9-B47F6D0DF5A3}.Release|Any CPU.Build.0 = Release|Any CPU
		{805F80DF-75C6-4C2F-8FD9-B47F6D0DF5A3}.Release|ARM.ActiveCfg = Release|Any CPU
		{805F80DF-75C6-4C2F-8FD9-B47F6D0DF5A3}.Release|ARM.Build.0 = Release|Any CPU
		{805F80DF-75C6-4C2F-8FD9-B47F6D0DF5A3}.Release|x64.ActiveCfg = Release|Any CPU
		{805F80DF-75C6-4C2F-8FD9-B47F6D0DF5A3}.Release|x64.Build.0 = Release|Any CPU
		{805F80DF-75C6-4C2F-8FD9-B47F6D0DF5A3}.Release|x86.ActiveCfg = Release|Any CPU
		{805F80DF-75C6-4C2F-8FD9-B47F6D0DF5A3}.Release|x86.Build.0 = Release|Any CPU
		{3DD8AA7C-3569-4E51-992F-0C2257E8878E}.Debug (Anniversary Update)|Any CPU.ActiveCfg = Debug (Anniversary Update)|Any CPU
		{3DD8AA7C-3569-4E51-992F-0C2257E8878E}.Debug (Anniversary Update)|Any CPU.Build.0 = Debug (Anniversary Update)|Any CPU
		{3DD8AA7C-3569-4E51-992F-0C2257E8878E}.Debug (Anniversary Update)|ARM.ActiveCfg = Debug (Anniversary Update)|Any CPU
		{3DD8AA7C-3569-4E51-992F-0C2257E8878E}.Debug (Anniversary Update)|ARM.Build.0 = Debug (Anniversary Update)|Any CPU
		{3DD8AA7C-3569-4E51-992F-0C2257E8878E}.Debug (Anniversary Update)|x64.ActiveCfg = Debug (Anniversary Update)|Any CPU
		{3DD8AA7C-3569-4E51-992F-0C2257E8878E}.Debug (Anniversary Update)|x64.Build.0 = Debug (Anniversary Update)|Any CPU
		{3DD8AA7C-3569-4E51-992F-0C2257E8878E}.Debug (Anniversary Update)|x86.ActiveCfg = Debug (Anniversary Update)|Any CPU
		{3DD8AA7C-3569-4E51-992F-0C2257E8878E}.Debug (Anniversary Update)|x86.Build.0 = Debug (Anniversary Update)|Any CPU
		{3DD8AA7C-3569-4E51-992F-0C2257E8878E}.Debug (Version 1511)|Any CPU.ActiveCfg = Debug (Version 1511)|Any CPU
		{3DD8AA7C-3569-4E51-992F-0C2257E8878E}.Debug (Version 1511)|Any CPU.Build.0 = Debug (Version 1511)|Any CPU
		{3DD8AA7C-3569-4E51-992F-0C2257E8878E}.Debug (Version 1511)|ARM.ActiveCfg = Debug (Version 1511)|Any CPU
		{3DD8AA7C-3569-4E51-992F-0C2257E8878E}.Debug (Version 1511)|ARM.Build.0 = Debug (Version 1511)|Any CPU
		{3DD8AA7C-3569-4E51-992F-0C2257E8878E}.Debug (Version 1511)|x64.ActiveCfg = Debug (Version 1511)|Any CPU
		{3DD8AA7C-3569-4E51-992F-0C2257E8878E}.Debug (Version 1511)|x64.Build.0 = Debug (Version 1511)|Any CPU
		{3DD8AA7C-3569-4E51-992F-0C2257E8878E}.Debug (Version 1511)|x86.ActiveCfg = Debug (Version 1511)|Any CPU
		{3DD8AA7C-3569-4E51-992F-0C2257E8878E}.Debug (Version 1511)|x86.Build.0 = Debug (Version 1511)|Any CPU
		{3DD8AA7C-3569-4E51-992F-0C2257E8878E}.Debug|Any CPU.ActiveCfg = Debug|Any CPU
		{3DD8AA7C-3569-4E51-992F-0C2257E8878E}.Debug|Any CPU.Build.0 = Debug|Any CPU
		{3DD8AA7C-3569-4E51-992F-0C2257E8878E}.Debug|ARM.ActiveCfg = Debug|Any CPU
		{3DD8AA7C-3569-4E51-992F-0C2257E8878E}.Debug|ARM.Build.0 = Debug|Any CPU
		{3DD8AA7C-3569-4E51-992F-0C2257E8878E}.Debug|x64.ActiveCfg = Debug|Any CPU
		{3DD8AA7C-3569-4E51-992F-0C2257E8878E}.Debug|x64.Build.0 = Debug|Any CPU
		{3DD8AA7C-3569-4E51-992F-0C2257E8878E}.Debug|x86.ActiveCfg = Debug|Any CPU
		{3DD8AA7C-3569-4E51-992F-0C2257E8878E}.Debug|x86.Build.0 = Debug|Any CPU
		{3DD8AA7C-3569-4E51-992F-0C2257E8878E}.Publish|Any CPU.ActiveCfg = Publish|Any CPU
		{3DD8AA7C-3569-4E51-992F-0C2257E8878E}.Publish|Any CPU.Build.0 = Publish|Any CPU
		{3DD8AA7C-3569-4E51-992F-0C2257E8878E}.Publish|ARM.ActiveCfg = Publish|Any CPU
		{3DD8AA7C-3569-4E51-992F-0C2257E8878E}.Publish|ARM.Build.0 = Publish|Any CPU
		{3DD8AA7C-3569-4E51-992F-0C2257E8878E}.Publish|x64.ActiveCfg = Publish|Any CPU
		{3DD8AA7C-3569-4E51-992F-0C2257E8878E}.Publish|x64.Build.0 = Publish|Any CPU
		{3DD8AA7C-3569-4E51-992F-0C2257E8878E}.Publish|x86.ActiveCfg = Publish|Any CPU
		{3DD8AA7C-3569-4E51-992F-0C2257E8878E}.Publish|x86.Build.0 = Publish|Any CPU
		{3DD8AA7C-3569-4E51-992F-0C2257E8878E}.Release (Anniversary Update)|Any CPU.ActiveCfg = Release (Anniversary Update)|Any CPU
		{3DD8AA7C-3569-4E51-992F-0C2257E8878E}.Release (Anniversary Update)|Any CPU.Build.0 = Release (Anniversary Update)|Any CPU
		{3DD8AA7C-3569-4E51-992F-0C2257E8878E}.Release (Anniversary Update)|ARM.ActiveCfg = Release (Anniversary Update)|Any CPU
		{3DD8AA7C-3569-4E51-992F-0C2257E8878E}.Release (Anniversary Update)|ARM.Build.0 = Release (Anniversary Update)|Any CPU
		{3DD8AA7C-3569-4E51-992F-0C2257E8878E}.Release (Anniversary Update)|x64.ActiveCfg = Release (Anniversary Update)|Any CPU
		{3DD8AA7C-3569-4E51-992F-0C2257E8878E}.Release (Anniversary Update)|x64.Build.0 = Release (Anniversary Update)|Any CPU
		{3DD8AA7C-3569-4E51-992F-0C2257E8878E}.Release (Anniversary Update)|x86.ActiveCfg = Release (Anniversary Update)|Any CPU
		{3DD8AA7C-3569-4E51-992F-0C2257E8878E}.Release (Anniversary Update)|x86.Build.0 = Release (Anniversary Update)|Any CPU
		{3DD8AA7C-3569-4E51-992F-0C2257E8878E}.Release (Version 1511)|Any CPU.ActiveCfg = Release (Version 1511)|Any CPU
		{3DD8AA7C-3569-4E51-992F-0C2257E8878E}.Release (Version 1511)|Any CPU.Build.0 = Release (Version 1511)|Any CPU
		{3DD8AA7C-3569-4E51-992F-0C2257E8878E}.Release (Version 1511)|ARM.ActiveCfg = Release (Version 1511)|Any CPU
		{3DD8AA7C-3569-4E51-992F-0C2257E8878E}.Release (Version 1511)|ARM.Build.0 = Release (Version 1511)|Any CPU
		{3DD8AA7C-3569-4E51-992F-0C2257E8878E}.Release (Version 1511)|x64.ActiveCfg = Release (Version 1511)|Any CPU
		{3DD8AA7C-3569-4E51-992F-0C2257E8878E}.Release (Version 1511)|x64.Build.0 = Release (Version 1511)|Any CPU
		{3DD8AA7C-3569-4E51-992F-0C2257E8878E}.Release (Version 1511)|x86.ActiveCfg = Release (Version 1511)|Any CPU
		{3DD8AA7C-3569-4E51-992F-0C2257E8878E}.Release (Version 1511)|x86.Build.0 = Release (Version 1511)|Any CPU
		{3DD8AA7C-3569-4E51-992F-0C2257E8878E}.Release|Any CPU.ActiveCfg = Release|Any CPU
		{3DD8AA7C-3569-4E51-992F-0C2257E8878E}.Release|Any CPU.Build.0 = Release|Any CPU
		{3DD8AA7C-3569-4E51-992F-0C2257E8878E}.Release|ARM.ActiveCfg = Release|Any CPU
		{3DD8AA7C-3569-4E51-992F-0C2257E8878E}.Release|ARM.Build.0 = Release|Any CPU
		{3DD8AA7C-3569-4E51-992F-0C2257E8878E}.Release|x64.ActiveCfg = Release|Any CPU
		{3DD8AA7C-3569-4E51-992F-0C2257E8878E}.Release|x64.Build.0 = Release|Any CPU
		{3DD8AA7C-3569-4E51-992F-0C2257E8878E}.Release|x86.ActiveCfg = Release|Any CPU
		{3DD8AA7C-3569-4E51-992F-0C2257E8878E}.Release|x86.Build.0 = Release|Any CPU
		{B24A296C-B3EB-4E06-A64E-74AC2D1ACC91}.Debug (Anniversary Update)|Any CPU.ActiveCfg = Debug (Anniversary Update)|Any CPU
		{B24A296C-B3EB-4E06-A64E-74AC2D1ACC91}.Debug (Anniversary Update)|Any CPU.Build.0 = Debug (Anniversary Update)|Any CPU
		{B24A296C-B3EB-4E06-A64E-74AC2D1ACC91}.Debug (Anniversary Update)|ARM.ActiveCfg = Debug (Anniversary Update)|Any CPU
		{B24A296C-B3EB-4E06-A64E-74AC2D1ACC91}.Debug (Anniversary Update)|ARM.Build.0 = Debug (Anniversary Update)|Any CPU
		{B24A296C-B3EB-4E06-A64E-74AC2D1ACC91}.Debug (Anniversary Update)|x64.ActiveCfg = Debug (Anniversary Update)|Any CPU
		{B24A296C-B3EB-4E06-A64E-74AC2D1ACC91}.Debug (Anniversary Update)|x64.Build.0 = Debug (Anniversary Update)|Any CPU
		{B24A296C-B3EB-4E06-A64E-74AC2D1ACC91}.Debug (Anniversary Update)|x86.ActiveCfg = Debug (Anniversary Update)|Any CPU
		{B24A296C-B3EB-4E06-A64E-74AC2D1ACC91}.Debug (Anniversary Update)|x86.Build.0 = Debug (Anniversary Update)|Any CPU
		{B24A296C-B3EB-4E06-A64E-74AC2D1ACC91}.Debug (Version 1511)|Any CPU.ActiveCfg = Debug (Version 1511)|Any CPU
		{B24A296C-B3EB-4E06-A64E-74AC2D1ACC91}.Debug (Version 1511)|Any CPU.Build.0 = Debug (Version 1511)|Any CPU
		{B24A296C-B3EB-4E06-A64E-74AC2D1ACC91}.Debug (Version 1511)|ARM.ActiveCfg = Debug (Version 1511)|Any CPU
		{B24A296C-B3EB-4E06-A64E-74AC2D1ACC91}.Debug (Version 1511)|ARM.Build.0 = Debug (Version 1511)|Any CPU
		{B24A296C-B3EB-4E06-A64E-74AC2D1ACC91}.Debug (Version 1511)|x64.ActiveCfg = Debug (Version 1511)|Any CPU
		{B24A296C-B3EB-4E06-A64E-74AC2D1ACC91}.Debug (Version 1511)|x64.Build.0 = Debug (Version 1511)|Any CPU
		{B24A296C-B3EB-4E06-A64E-74AC2D1ACC91}.Debug (Version 1511)|x86.ActiveCfg = Debug (Version 1511)|Any CPU
		{B24A296C-B3EB-4E06-A64E-74AC2D1ACC91}.Debug (Version 1511)|x86.Build.0 = Debug (Version 1511)|Any CPU
		{B24A296C-B3EB-4E06-A64E-74AC2D1ACC91}.Debug|Any CPU.ActiveCfg = Debug|Any CPU
		{B24A296C-B3EB-4E06-A64E-74AC2D1ACC91}.Debug|Any CPU.Build.0 = Debug|Any CPU
		{B24A296C-B3EB-4E06-A64E-74AC2D1ACC91}.Debug|ARM.ActiveCfg = Debug|Any CPU
		{B24A296C-B3EB-4E06-A64E-74AC2D1ACC91}.Debug|ARM.Build.0 = Debug|Any CPU
		{B24A296C-B3EB-4E06-A64E-74AC2D1ACC91}.Debug|x64.ActiveCfg = Debug|Any CPU
		{B24A296C-B3EB-4E06-A64E-74AC2D1ACC91}.Debug|x64.Build.0 = Debug|Any CPU
		{B24A296C-B3EB-4E06-A64E-74AC2D1ACC91}.Debug|x86.ActiveCfg = Debug|Any CPU
		{B24A296C-B3EB-4E06-A64E-74AC2D1ACC91}.Debug|x86.Build.0 = Debug|Any CPU
		{B24A296C-B3EB-4E06-A64E-74AC2D1ACC91}.Publish|Any CPU.ActiveCfg = Publish|Any CPU
		{B24A296C-B3EB-4E06-A64E-74AC2D1ACC91}.Publish|Any CPU.Build.0 = Publish|Any CPU
		{B24A296C-B3EB-4E06-A64E-74AC2D1ACC91}.Publish|ARM.ActiveCfg = Publish|Any CPU
		{B24A296C-B3EB-4E06-A64E-74AC2D1ACC91}.Publish|ARM.Build.0 = Publish|Any CPU
		{B24A296C-B3EB-4E06-A64E-74AC2D1ACC91}.Publish|x64.ActiveCfg = Publish|Any CPU
		{B24A296C-B3EB-4E06-A64E-74AC2D1ACC91}.Publish|x64.Build.0 = Publish|Any CPU
		{B24A296C-B3EB-4E06-A64E-74AC2D1ACC91}.Publish|x86.ActiveCfg = Publish|Any CPU
		{B24A296C-B3EB-4E06-A64E-74AC2D1ACC91}.Publish|x86.Build.0 = Publish|Any CPU
		{B24A296C-B3EB-4E06-A64E-74AC2D1ACC91}.Release (Anniversary Update)|Any CPU.ActiveCfg = Release (Anniversary Update)|Any CPU
		{B24A296C-B3EB-4E06-A64E-74AC2D1ACC91}.Release (Anniversary Update)|Any CPU.Build.0 = Release (Anniversary Update)|Any CPU
		{B24A296C-B3EB-4E06-A64E-74AC2D1ACC91}.Release (Anniversary Update)|ARM.ActiveCfg = Release (Anniversary Update)|Any CPU
		{B24A296C-B3EB-4E06-A64E-74AC2D1ACC91}.Release (Anniversary Update)|ARM.Build.0 = Release (Anniversary Update)|Any CPU
		{B24A296C-B3EB-4E06-A64E-74AC2D1ACC91}.Release (Anniversary Update)|x64.ActiveCfg = Release (Anniversary Update)|Any CPU
		{B24A296C-B3EB-4E06-A64E-74AC2D1ACC91}.Release (Anniversary Update)|x64.Build.0 = Release (Anniversary Update)|Any CPU
		{B24A296C-B3EB-4E06-A64E-74AC2D1ACC91}.Release (Anniversary Update)|x86.ActiveCfg = Release (Anniversary Update)|Any CPU
		{B24A296C-B3EB-4E06-A64E-74AC2D1ACC91}.Release (Anniversary Update)|x86.Build.0 = Release (Anniversary Update)|Any CPU
		{B24A296C-B3EB-4E06-A64E-74AC2D1ACC91}.Release (Version 1511)|Any CPU.ActiveCfg = Release (Version 1511)|Any CPU
		{B24A296C-B3EB-4E06-A64E-74AC2D1ACC91}.Release (Version 1511)|Any CPU.Build.0 = Release (Version 1511)|Any CPU
		{B24A296C-B3EB-4E06-A64E-74AC2D1ACC91}.Release (Version 1511)|ARM.ActiveCfg = Release (Version 1511)|Any CPU
		{B24A296C-B3EB-4E06-A64E-74AC2D1ACC91}.Release (Version 1511)|ARM.Build.0 = Release (Version 1511)|Any CPU
		{B24A296C-B3EB-4E06-A64E-74AC2D1ACC91}.Release (Version 1511)|x64.ActiveCfg = Release (Version 1511)|Any CPU
		{B24A296C-B3EB-4E06-A64E-74AC2D1ACC91}.Release (Version 1511)|x64.Build.0 = Release (Version 1511)|Any CPU
		{B24A296C-B3EB-4E06-A64E-74AC2D1ACC91}.Release (Version 1511)|x86.ActiveCfg = Release (Version 1511)|Any CPU
		{B24A296C-B3EB-4E06-A64E-74AC2D1ACC91}.Release (Version 1511)|x86.Build.0 = Release (Version 1511)|Any CPU
		{B24A296C-B3EB-4E06-A64E-74AC2D1ACC91}.Release|Any CPU.ActiveCfg = Release|Any CPU
		{B24A296C-B3EB-4E06-A64E-74AC2D1ACC91}.Release|Any CPU.Build.0 = Release|Any CPU
		{B24A296C-B3EB-4E06-A64E-74AC2D1ACC91}.Release|ARM.ActiveCfg = Release|Any CPU
		{B24A296C-B3EB-4E06-A64E-74AC2D1ACC91}.Release|ARM.Build.0 = Release|Any CPU
		{B24A296C-B3EB-4E06-A64E-74AC2D1ACC91}.Release|x64.ActiveCfg = Release|Any CPU
		{B24A296C-B3EB-4E06-A64E-74AC2D1ACC91}.Release|x64.Build.0 = Release|Any CPU
		{B24A296C-B3EB-4E06-A64E-74AC2D1ACC91}.Release|x86.ActiveCfg = Release|Any CPU
		{B24A296C-B3EB-4E06-A64E-74AC2D1ACC91}.Release|x86.Build.0 = Release|Any CPU
	EndGlobalSection
	GlobalSection(SolutionProperties) = preSolution
		HideSolutionNode = FALSE
	EndGlobalSection
	GlobalSection(NestedProjects) = preSolution
		{AC3E4F10-6615-4E16-BB0F-104760C92B95} = {DDF52744-FCFC-4269-8A22-0F52110E4E84}
		{E9FAABFB-D726-42C1-83C1-CB46A29FEA81} = {D399D29E-1487-4FDA-968A-F36EAED6A690}
		{805F80DF-75C6-4C2F-8FD9-B47F6D0DF5A3} = {D399D29E-1487-4FDA-968A-F36EAED6A690}
		{3DD8AA7C-3569-4E51-992F-0C2257E8878E} = {D399D29E-1487-4FDA-968A-F36EAED6A690}
		{B24A296C-B3EB-4E06-A64E-74AC2D1ACC91} = {D399D29E-1487-4FDA-968A-F36EAED6A690}
	EndGlobalSection
EndGlobal
