
Microsoft Visual Studio Solution File, Format Version 12.00
# Visual Studio 14
VisualStudioVersion = 14.0.25420.1
MinimumVisualStudioVersion = 10.0.40219.1
Project("{D954291E-2A0B-460D-934E-DC6B0785DB48}") = "Client.Library", "Client.Library\Client.Library.shproj", "{EC2CE947-F69E-41E7-B4B3-C31A49A48A5C}"
EndProject
Project("{FAE04EC0-301F-11D3-BF4B-00C04F79EFBC}") = "Client.UWP", "Client.UWP\Client.UWP.csproj", "{2399F8B2-9AA2-4977-A787-9CD287829C39}"
EndProject
Project("{D954291E-2A0B-460D-934E-DC6B0785DB48}") = "Client.BootStrapper", "Client.BootStrapper\Client.BootStrapper.shproj", "{18C20DD0-0F04-4F39-A165-047DBFB92BAD}"
EndProject
Project("{2150E333-8FDC-42A3-9474-1A3956D46DE8}") = "Solution Items", "Solution Items", "{5ABC3299-180F-4B5C-A44C-ADE8C28A2A01}"
	ProjectSection(SolutionItems) = preProject
		.gitignore = .gitignore
	EndProjectSection
EndProject
Global
	GlobalSection(SharedMSBuildProjectFiles) = preSolution
		Client.BootStrapper\Client.BootStrapper.projitems*{18c20dd0-0f04-4f39-a165-047dbfb92bad}*SharedItemsImports = 13
		Client.BootStrapper\Client.BootStrapper.projitems*{2399f8b2-9aa2-4977-a787-9cd287829c39}*SharedItemsImports = 4
		Client.Library\Client.Library.projitems*{2399f8b2-9aa2-4977-a787-9cd287829c39}*SharedItemsImports = 4
		Client.Library\Client.Library.projitems*{ec2ce947-f69e-41e7-b4b3-c31a49a48a5c}*SharedItemsImports = 13
	EndGlobalSection
	GlobalSection(SolutionConfigurationPlatforms) = preSolution
		Debug (Anniversary Update)|Any CPU = Debug (Anniversary Update)|Any CPU
		Debug (Anniversary Update)|ARM = Debug (Anniversary Update)|ARM
		Debug (Anniversary Update)|x64 = Debug (Anniversary Update)|x64
		Debug (Anniversary Update)|x86 = Debug (Anniversary Update)|x86
		Debug (Version 1511)|Any CPU = Debug (Version 1511)|Any CPU
		Debug (Version 1511)|ARM = Debug (Version 1511)|ARM
		Debug (Version 1511)|x64 = Debug (Version 1511)|x64
		Debug (Version 1511)|x86 = Debug (Version 1511)|x86
		Debug|Any CPU = Debug|Any CPU
		Debug|ARM = Debug|ARM
		Debug|x64 = Debug|x64
		Debug|x86 = Debug|x86
		Publish|Any CPU = Publish|Any CPU
		Publish|ARM = Publish|ARM
		Publish|x64 = Publish|x64
		Publish|x86 = Publish|x86
		Release (Anniversary Update)|Any CPU = Release (Anniversary Update)|Any CPU
		Release (Anniversary Update)|ARM = Release (Anniversary Update)|ARM
		Release (Anniversary Update)|x64 = Release (Anniversary Update)|x64
		Release (Anniversary Update)|x86 = Release (Anniversary Update)|x86
		Release (Version 1511)|Any CPU = Release (Version 1511)|Any CPU
		Release (Version 1511)|ARM = Release (Version 1511)|ARM
		Release (Version 1511)|x64 = Release (Version 1511)|x64
		Release (Version 1511)|x86 = Release (Version 1511)|x86
		Release|Any CPU = Release|Any CPU
		Release|ARM = Release|ARM
		Release|x64 = Release|x64
		Release|x86 = Release|x86
	EndGlobalSection
	GlobalSection(ProjectConfigurationPlatforms) = postSolution
		{2399F8B2-9AA2-4977-A787-9CD287829C39}.Debug (Anniversary Update)|Any CPU.ActiveCfg = Release|x86
		{2399F8B2-9AA2-4977-A787-9CD287829C39}.Debug (Anniversary Update)|Any CPU.Build.0 = Release|x86
		{2399F8B2-9AA2-4977-A787-9CD287829C39}.Debug (Anniversary Update)|Any CPU.Deploy.0 = Release|x86
		{2399F8B2-9AA2-4977-A787-9CD287829C39}.Debug (Anniversary Update)|ARM.ActiveCfg = Debug|ARM
		{2399F8B2-9AA2-4977-A787-9CD287829C39}.Debug (Anniversary Update)|ARM.Build.0 = Debug|ARM
		{2399F8B2-9AA2-4977-A787-9CD287829C39}.Debug (Anniversary Update)|ARM.Deploy.0 = Debug|ARM
		{2399F8B2-9AA2-4977-A787-9CD287829C39}.Debug (Anniversary Update)|x64.ActiveCfg = Debug|x64
		{2399F8B2-9AA2-4977-A787-9CD287829C39}.Debug (Anniversary Update)|x64.Build.0 = Debug|x64
		{2399F8B2-9AA2-4977-A787-9CD287829C39}.Debug (Anniversary Update)|x64.Deploy.0 = Debug|x64
		{2399F8B2-9AA2-4977-A787-9CD287829C39}.Debug (Anniversary Update)|x86.ActiveCfg = Debug|x86
		{2399F8B2-9AA2-4977-A787-9CD287829C39}.Debug (Anniversary Update)|x86.Build.0 = Debug|x86
		{2399F8B2-9AA2-4977-A787-9CD287829C39}.Debug (Anniversary Update)|x86.Deploy.0 = Debug|x86
		{2399F8B2-9AA2-4977-A787-9CD287829C39}.Debug (Version 1511)|Any CPU.ActiveCfg = Release|x86
		{2399F8B2-9AA2-4977-A787-9CD287829C39}.Debug (Version 1511)|Any CPU.Build.0 = Release|x86
		{2399F8B2-9AA2-4977-A787-9CD287829C39}.Debug (Version 1511)|Any CPU.Deploy.0 = Release|x86
		{2399F8B2-9AA2-4977-A787-9CD287829C39}.Debug (Version 1511)|ARM.ActiveCfg = Debug|ARM
		{2399F8B2-9AA2-4977-A787-9CD287829C39}.Debug (Version 1511)|ARM.Build.0 = Debug|ARM
		{2399F8B2-9AA2-4977-A787-9CD287829C39}.Debug (Version 1511)|ARM.Deploy.0 = Debug|ARM
		{2399F8B2-9AA2-4977-A787-9CD287829C39}.Debug (Version 1511)|x64.ActiveCfg = Debug|x64
		{2399F8B2-9AA2-4977-A787-9CD287829C39}.Debug (Version 1511)|x64.Build.0 = Debug|x64
		{2399F8B2-9AA2-4977-A787-9CD287829C39}.Debug (Version 1511)|x64.Deploy.0 = Debug|x64
		{2399F8B2-9AA2-4977-A787-9CD287829C39}.Debug (Version 1511)|x86.ActiveCfg = Debug|x86
		{2399F8B2-9AA2-4977-A787-9CD287829C39}.Debug (Version 1511)|x86.Build.0 = Debug|x86
		{2399F8B2-9AA2-4977-A787-9CD287829C39}.Debug (Version 1511)|x86.Deploy.0 = Debug|x86
		{2399F8B2-9AA2-4977-A787-9CD287829C39}.Debug|Any CPU.ActiveCfg = Debug|x86
		{2399F8B2-9AA2-4977-A787-9CD287829C39}.Debug|ARM.ActiveCfg = Debug|ARM
		{2399F8B2-9AA2-4977-A787-9CD287829C39}.Debug|ARM.Build.0 = Debug|ARM
		{2399F8B2-9AA2-4977-A787-9CD287829C39}.Debug|ARM.Deploy.0 = Debug|ARM
		{2399F8B2-9AA2-4977-A787-9CD287829C39}.Debug|x64.ActiveCfg = Debug|x64
		{2399F8B2-9AA2-4977-A787-9CD287829C39}.Debug|x64.Build.0 = Debug|x64
		{2399F8B2-9AA2-4977-A787-9CD287829C39}.Debug|x64.Deploy.0 = Debug|x64
		{2399F8B2-9AA2-4977-A787-9CD287829C39}.Debug|x86.ActiveCfg = Debug|x86
		{2399F8B2-9AA2-4977-A787-9CD287829C39}.Debug|x86.Build.0 = Debug|x86
		{2399F8B2-9AA2-4977-A787-9CD287829C39}.Debug|x86.Deploy.0 = Debug|x86
		{2399F8B2-9AA2-4977-A787-9CD287829C39}.Publish|Any CPU.ActiveCfg = Release|x86
		{2399F8B2-9AA2-4977-A787-9CD287829C39}.Publish|Any CPU.Build.0 = Release|x86
		{2399F8B2-9AA2-4977-A787-9CD287829C39}.Publish|Any CPU.Deploy.0 = Release|x86
		{2399F8B2-9AA2-4977-A787-9CD287829C39}.Publish|ARM.ActiveCfg = Release|ARM
		{2399F8B2-9AA2-4977-A787-9CD287829C39}.Publish|ARM.Build.0 = Release|ARM
		{2399F8B2-9AA2-4977-A787-9CD287829C39}.Publish|ARM.Deploy.0 = Release|ARM
		{2399F8B2-9AA2-4977-A787-9CD287829C39}.Publish|x64.ActiveCfg = Release|x64
		{2399F8B2-9AA2-4977-A787-9CD287829C39}.Publish|x64.Build.0 = Release|x64
		{2399F8B2-9AA2-4977-A787-9CD287829C39}.Publish|x64.Deploy.0 = Release|x64
		{2399F8B2-9AA2-4977-A787-9CD287829C39}.Publish|x86.ActiveCfg = Release|x86
		{2399F8B2-9AA2-4977-A787-9CD287829C39}.Publish|x86.Build.0 = Release|x86
		{2399F8B2-9AA2-4977-A787-9CD287829C39}.Publish|x86.Deploy.0 = Release|x86
		{2399F8B2-9AA2-4977-A787-9CD287829C39}.Release (Anniversary Update)|Any CPU.ActiveCfg = Release|x86
		{2399F8B2-9AA2-4977-A787-9CD287829C39}.Release (Anniversary Update)|Any CPU.Build.0 = Release|x86
		{2399F8B2-9AA2-4977-A787-9CD287829C39}.Release (Anniversary Update)|Any CPU.Deploy.0 = Release|x86
		{2399F8B2-9AA2-4977-A787-9CD287829C39}.Release (Anniversary Update)|ARM.ActiveCfg = Release|ARM
		{2399F8B2-9AA2-4977-A787-9CD287829C39}.Release (Anniversary Update)|ARM.Build.0 = Release|ARM
		{2399F8B2-9AA2-4977-A787-9CD287829C39}.Release (Anniversary Update)|ARM.Deploy.0 = Release|ARM
		{2399F8B2-9AA2-4977-A787-9CD287829C39}.Release (Anniversary Update)|x64.ActiveCfg = Release|x64
		{2399F8B2-9AA2-4977-A787-9CD287829C39}.Release (Anniversary Update)|x64.Build.0 = Release|x64
		{2399F8B2-9AA2-4977-A787-9CD287829C39}.Release (Anniversary Update)|x64.Deploy.0 = Release|x64
		{2399F8B2-9AA2-4977-A787-9CD287829C39}.Release (Anniversary Update)|x86.ActiveCfg = Release|x86
		{2399F8B2-9AA2-4977-A787-9CD287829C39}.Release (Anniversary Update)|x86.Build.0 = Release|x86
		{2399F8B2-9AA2-4977-A787-9CD287829C39}.Release (Anniversary Update)|x86.Deploy.0 = Release|x86
		{2399F8B2-9AA2-4977-A787-9CD287829C39}.Release (Version 1511)|Any CPU.ActiveCfg = Release|x86
		{2399F8B2-9AA2-4977-A787-9CD287829C39}.Release (Version 1511)|Any CPU.Build.0 = Release|x86
		{2399F8B2-9AA2-4977-A787-9CD287829C39}.Release (Version 1511)|Any CPU.Deploy.0 = Release|x86
		{2399F8B2-9AA2-4977-A787-9CD287829C39}.Release (Version 1511)|ARM.ActiveCfg = Release|ARM
		{2399F8B2-9AA2-4977-A787-9CD287829C39}.Release (Version 1511)|ARM.Build.0 = Release|ARM
		{2399F8B2-9AA2-4977-A787-9CD287829C39}.Release (Version 1511)|ARM.Deploy.0 = Release|ARM
		{2399F8B2-9AA2-4977-A787-9CD287829C39}.Release (Version 1511)|x64.ActiveCfg = Release|x64
		{2399F8B2-9AA2-4977-A787-9CD287829C39}.Release (Version 1511)|x64.Build.0 = Release|x64
		{2399F8B2-9AA2-4977-A787-9CD287829C39}.Release (Version 1511)|x64.Deploy.0 = Release|x64
		{2399F8B2-9AA2-4977-A787-9CD287829C39}.Release (Version 1511)|x86.ActiveCfg = Release|x86
		{2399F8B2-9AA2-4977-A787-9CD287829C39}.Release (Version 1511)|x86.Build.0 = Release|x86
		{2399F8B2-9AA2-4977-A787-9CD287829C39}.Release (Version 1511)|x86.Deploy.0 = Release|x86
		{2399F8B2-9AA2-4977-A787-9CD287829C39}.Release|Any CPU.ActiveCfg = Release|x86
		{2399F8B2-9AA2-4977-A787-9CD287829C39}.Release|ARM.ActiveCfg = Release|ARM
		{2399F8B2-9AA2-4977-A787-9CD287829C39}.Release|ARM.Build.0 = Release|ARM
		{2399F8B2-9AA2-4977-A787-9CD287829C39}.Release|ARM.Deploy.0 = Release|ARM
		{2399F8B2-9AA2-4977-A787-9CD287829C39}.Release|x64.ActiveCfg = Release|x64
		{2399F8B2-9AA2-4977-A787-9CD287829C39}.Release|x64.Build.0 = Release|x64
		{2399F8B2-9AA2-4977-A787-9CD287829C39}.Release|x64.Deploy.0 = Release|x64
		{2399F8B2-9AA2-4977-A787-9CD287829C39}.Release|x86.ActiveCfg = Release|x86
		{2399F8B2-9AA2-4977-A787-9CD287829C39}.Release|x86.Build.0 = Release|x86
		{2399F8B2-9AA2-4977-A787-9CD287829C39}.Release|x86.Deploy.0 = Release|x86
	EndGlobalSection
	GlobalSection(SolutionProperties) = preSolution
		HideSolutionNode = FALSE
	EndGlobalSection
EndGlobal
